
Microsoft Visual Studio Solution File, Format Version 12.00
# Visual Studio Version 17
VisualStudioVersion = 17.8.34309.116
MinimumVisualStudioVersion = 10.0.40219.1
Project("{FAE04EC0-301F-11D3-BF4B-00C04F79EFBC}") = "practical_7", "practical_7\practical_7.csproj", "{AC7F696F-A6FA-4D7A-8E1D-8EA538290BB4}"
EndProject
Global
	GlobalSection(SolutionConfigurationPlatforms) = preSolution
		Debug|Any CPU = Debug|Any CPU
		Release|Any CPU = Release|Any CPU
	EndGlobalSection
	GlobalSection(ProjectConfigurationPlatforms) = postSolution
		{AC7F696F-A6FA-4D7A-8E1D-8EA538290BB4}.Debug|Any CPU.ActiveCfg = Debug|Any CPU
		{AC7F696F-A6FA-4D7A-8E1D-8EA538290BB4}.Debug|Any CPU.Build.0 = Debug|Any CPU
		{AC7F696F-A6FA-4D7A-8E1D-8EA538290BB4}.Release|Any CPU.ActiveCfg = Release|Any CPU
		{AC7F696F-A6FA-4D7A-8E1D-8EA538290BB4}.Release|Any CPU.Build.0 = Release|Any CPU
	EndGlobalSection
	GlobalSection(SolutionProperties) = preSolution
		HideSolutionNode = FALSE
	EndGlobalSection
	GlobalSection(ExtensibilityGlobals) = postSolution
		SolutionGuid = {BAE010F4-7CB8-444D-A3E4-F27877B1C222}
	EndGlobalSection
EndGlobal
