
Microsoft Visual Studio Solution File, Format Version 12.00
# Visual Studio Version 17
VisualStudioVersion = 17.8.34309.116
MinimumVisualStudioVersion = 10.0.40219.1
Project("{FAE04EC0-301F-11D3-BF4B-00C04F79EFBC}") = "Practice_7", "Practice_7\Practice_7.csproj", "{20EAA367-547D-40A0-ABB3-F8A9118C9E26}"
EndProject
Global
	GlobalSection(SolutionConfigurationPlatforms) = preSolution
		Debug|Any CPU = Debug|Any CPU
		Release|Any CPU = Release|Any CPU
	EndGlobalSection
	GlobalSection(ProjectConfigurationPlatforms) = postSolution
		{20EAA367-547D-40A0-ABB3-F8A9118C9E26}.Debug|Any CPU.ActiveCfg = Debug|Any CPU
		{20EAA367-547D-40A0-ABB3-F8A9118C9E26}.Debug|Any CPU.Build.0 = Debug|Any CPU
		{20EAA367-547D-40A0-ABB3-F8A9118C9E26}.Release|Any CPU.ActiveCfg = Release|Any CPU
		{20EAA367-547D-40A0-ABB3-F8A9118C9E26}.Release|Any CPU.Build.0 = Release|Any CPU
	EndGlobalSection
	GlobalSection(SolutionProperties) = preSolution
		HideSolutionNode = FALSE
	EndGlobalSection
	GlobalSection(ExtensibilityGlobals) = postSolution
		SolutionGuid = {468D01F4-4D8C-49CA-AB01-48A59B610FD2}
	EndGlobalSection
EndGlobal
