
Microsoft Visual Studio Solution File, Format Version 12.00
# Visual Studio Version 17
VisualStudioVersion = 17.8.34309.116
MinimumVisualStudioVersion = 10.0.40219.1
Project("{FAE04EC0-301F-11D3-BF4B-00C04F79EFBC}") = "Practice_8", "Practice_8\Practice_8.csproj", "{B0F6D785-8F06-4D8F-A5FB-C75CC97580AB}"
EndProject
Global
	GlobalSection(SolutionConfigurationPlatforms) = preSolution
		Debug|Any CPU = Debug|Any CPU
		Release|Any CPU = Release|Any CPU
	EndGlobalSection
	GlobalSection(ProjectConfigurationPlatforms) = postSolution
		{B0F6D785-8F06-4D8F-A5FB-C75CC97580AB}.Debug|Any CPU.ActiveCfg = Debug|Any CPU
		{B0F6D785-8F06-4D8F-A5FB-C75CC97580AB}.Debug|Any CPU.Build.0 = Debug|Any CPU
		{B0F6D785-8F06-4D8F-A5FB-C75CC97580AB}.Release|Any CPU.ActiveCfg = Release|Any CPU
		{B0F6D785-8F06-4D8F-A5FB-C75CC97580AB}.Release|Any CPU.Build.0 = Release|Any CPU
	EndGlobalSection
	GlobalSection(SolutionProperties) = preSolution
		HideSolutionNode = FALSE
	EndGlobalSection
	GlobalSection(ExtensibilityGlobals) = postSolution
		SolutionGuid = {6961E9A6-4DDB-4537-8E28-C379A0D892F7}
	EndGlobalSection
EndGlobal
