
Microsoft Visual Studio Solution File, Format Version 12.00
# Visual Studio Version 17
VisualStudioVersion = 17.8.34309.116
MinimumVisualStudioVersion = 10.0.40219.1
Project("{FAE04EC0-301F-11D3-BF4B-00C04F79EFBC}") = "Practice_1", "Practice_1\Practice_1.csproj", "{52E2EAC7-AA7F-4CF5-A800-E0616F4E3B9E}"
EndProject
Global
	GlobalSection(SolutionConfigurationPlatforms) = preSolution
		Debug|Any CPU = Debug|Any CPU
		Release|Any CPU = Release|Any CPU
	EndGlobalSection
	GlobalSection(ProjectConfigurationPlatforms) = postSolution
		{52E2EAC7-AA7F-4CF5-A800-E0616F4E3B9E}.Debug|Any CPU.ActiveCfg = Debug|Any CPU
		{52E2EAC7-AA7F-4CF5-A800-E0616F4E3B9E}.Debug|Any CPU.Build.0 = Debug|Any CPU
		{52E2EAC7-AA7F-4CF5-A800-E0616F4E3B9E}.Release|Any CPU.ActiveCfg = Release|Any CPU
		{52E2EAC7-AA7F-4CF5-A800-E0616F4E3B9E}.Release|Any CPU.Build.0 = Release|Any CPU
	EndGlobalSection
	GlobalSection(SolutionProperties) = preSolution
		HideSolutionNode = FALSE
	EndGlobalSection
	GlobalSection(ExtensibilityGlobals) = postSolution
		SolutionGuid = {B455DE03-58FA-40AC-A7C5-E36957C0468C}
	EndGlobalSection
EndGlobal
