
Microsoft Visual Studio Solution File, Format Version 12.00
# Visual Studio Version 17
VisualStudioVersion = 17.8.34309.116
MinimumVisualStudioVersion = 10.0.40219.1
Project("{FAE04EC0-301F-11D3-BF4B-00C04F79EFBC}") = "Practice_3", "Practice_3\Practice_3.csproj", "{A586AE55-24A6-4DAE-8E43-CA2237183C01}"
EndProject
Global
	GlobalSection(SolutionConfigurationPlatforms) = preSolution
		Debug|Any CPU = Debug|Any CPU
		Release|Any CPU = Release|Any CPU
	EndGlobalSection
	GlobalSection(ProjectConfigurationPlatforms) = postSolution
		{A586AE55-24A6-4DAE-8E43-CA2237183C01}.Debug|Any CPU.ActiveCfg = Debug|Any CPU
		{A586AE55-24A6-4DAE-8E43-CA2237183C01}.Debug|Any CPU.Build.0 = Debug|Any CPU
		{A586AE55-24A6-4DAE-8E43-CA2237183C01}.Release|Any CPU.ActiveCfg = Release|Any CPU
		{A586AE55-24A6-4DAE-8E43-CA2237183C01}.Release|Any CPU.Build.0 = Release|Any CPU
	EndGlobalSection
	GlobalSection(SolutionProperties) = preSolution
		HideSolutionNode = FALSE
	EndGlobalSection
	GlobalSection(ExtensibilityGlobals) = postSolution
		SolutionGuid = {2B2DAEE6-77BE-459E-9423-E8236010F85B}
	EndGlobalSection
EndGlobal
