
Microsoft Visual Studio Solution File, Format Version 12.00
# Visual Studio Version 17
VisualStudioVersion = 17.8.34309.116
MinimumVisualStudioVersion = 10.0.40219.1
Project("{FAE04EC0-301F-11D3-BF4B-00C04F79EFBC}") = "Practice_1", "Practice_1\Practice_1.csproj", "{46EE6ACA-5ABD-49A9-9F7A-2618EACAED06}"
EndProject
Global
	GlobalSection(SolutionConfigurationPlatforms) = preSolution
		Debug|Any CPU = Debug|Any CPU
		Release|Any CPU = Release|Any CPU
	EndGlobalSection
	GlobalSection(ProjectConfigurationPlatforms) = postSolution
		{46EE6ACA-5ABD-49A9-9F7A-2618EACAED06}.Debug|Any CPU.ActiveCfg = Debug|Any CPU
		{46EE6ACA-5ABD-49A9-9F7A-2618EACAED06}.Debug|Any CPU.Build.0 = Debug|Any CPU
		{46EE6ACA-5ABD-49A9-9F7A-2618EACAED06}.Release|Any CPU.ActiveCfg = Release|Any CPU
		{46EE6ACA-5ABD-49A9-9F7A-2618EACAED06}.Release|Any CPU.Build.0 = Release|Any CPU
	EndGlobalSection
	GlobalSection(SolutionProperties) = preSolution
		HideSolutionNode = FALSE
	EndGlobalSection
	GlobalSection(ExtensibilityGlobals) = postSolution
		SolutionGuid = {B9EFEB2E-0A70-4BFD-AC2E-738F76AA3468}
	EndGlobalSection
EndGlobal
